
Microsoft Visual Studio Solution File, Format Version 12.00
# Visual Studio 15
VisualStudioVersion = 15.0.27130.2027
MinimumVisualStudioVersion = 10.0.40219.1
Project("{FAE04EC0-301F-11D3-BF4B-00C04F79EFBC}") = "Badge.WebAPI", "Badge.WebAPI\Badge.WebAPI.csproj", "{9FD05CBE-DDC0-4AA0-8431-E24D2E6AA24D}"
EndProject
Global
	GlobalSection(SolutionConfigurationPlatforms) = preSolution
		Debug|Any CPU = Debug|Any CPU
		Release|Any CPU = Release|Any CPU
	EndGlobalSection
	GlobalSection(ProjectConfigurationPlatforms) = postSolution
		{9FD05CBE-DDC0-4AA0-8431-E24D2E6AA24D}.Debug|Any CPU.ActiveCfg = Debug|Any CPU
		{9FD05CBE-DDC0-4AA0-8431-E24D2E6AA24D}.Debug|Any CPU.Build.0 = Debug|Any CPU
		{9FD05CBE-DDC0-4AA0-8431-E24D2E6AA24D}.Release|Any CPU.ActiveCfg = Release|Any CPU
		{9FD05CBE-DDC0-4AA0-8431-E24D2E6AA24D}.Release|Any CPU.Build.0 = Release|Any CPU
	EndGlobalSection
	GlobalSection(SolutionProperties) = preSolution
		HideSolutionNode = FALSE
	EndGlobalSection
	GlobalSection(ExtensibilityGlobals) = postSolution
		SolutionGuid = {DC5AA5A2-0266-43D0-8272-D93DF3C6C495}
	EndGlobalSection
EndGlobal
